// !$*UTF8*$!
{
	archiveVersion = 1;
	classes = {
	};
	objectVersion = 50;
	objects = {

/* Begin PBXBuildFile section */
		2C8EB7CF260276D60032FDA0 /* MatchMakerApp.swift in Sources */ = {isa = PBXBuildFile; fileRef = 2C8EB7CE260276D60032FDA0 /* MatchMakerApp.swift */; };
		2C8EB7D1260276D60032FDA0 /* MatchMakerGameView.swift in Sources */ = {isa = PBXBuildFile; fileRef = 2C8EB7D0260276D60032FDA0 /* MatchMakerGameView.swift */; };
		2C8EB7D3260276D60032FDA0 /* Assets.xcassets in Resources */ = {isa = PBXBuildFile; fileRef = 2C8EB7D2260276D60032FDA0 /* Assets.xcassets */; };
		2C8EB7D6260276D60032FDA0 /* Preview Assets.xcassets in Resources */ = {isa = PBXBuildFile; fileRef = 2C8EB7D5260276D60032FDA0 /* Preview Assets.xcassets */; };
		2C8EB7E1260276D60032FDA0 /* MatchMakerTests.swift in Sources */ = {isa = PBXBuildFile; fileRef = 2C8EB7E0260276D60032FDA0 /* MatchMakerTests.swift */; };
		2C8EB7EC260276D60032FDA0 /* MatchMakerUITests.swift in Sources */ = {isa = PBXBuildFile; fileRef = 2C8EB7EB260276D60032FDA0 /* MatchMakerUITests.swift */; };
		2C8EB7FD26051A3D0032FDA0 /* MatchMakerGame.swift in Sources */ = {isa = PBXBuildFile; fileRef = 2C8EB7FC26051A3D0032FDA0 /* MatchMakerGame.swift */; };
		2C8EB80226051C3D0032FDA0 /* EmojiMatchMakerGame.swift in Sources */ = {isa = PBXBuildFile; fileRef = 2C8EB80126051C3D0032FDA0 /* EmojiMatchMakerGame.swift */; };
/* End PBXBuildFile section */

/* Begin PBXContainerItemProxy section */
		2C8EB7DD260276D60032FDA0 /* PBXContainerItemProxy */ = {
			isa = PBXContainerItemProxy;
			containerPortal = 2C8EB7C3260276D60032FDA0 /* Project object */;
			proxyType = 1;
			remoteGlobalIDString = 2C8EB7CA260276D60032FDA0;
			remoteInfo = MatchMaker;
		};
		2C8EB7E8260276D60032FDA0 /* PBXContainerItemProxy */ = {
			isa = PBXContainerItemProxy;
			containerPortal = 2C8EB7C3260276D60032FDA0 /* Project object */;
			proxyType = 1;
			remoteGlobalIDString = 2C8EB7CA260276D60032FDA0;
			remoteInfo = MatchMaker;
		};
/* End PBXContainerItemProxy section */

/* Begin PBXFileReference section */
		2C8EB7CB260276D60032FDA0 /* MatchMaker.app */ = {isa = PBXFileReference; explicitFileType = wrapper.application; includeInIndex = 0; path = MatchMaker.app; sourceTree = BUILT_PRODUCTS_DIR; };
		2C8EB7CE260276D60032FDA0 /* MatchMakerApp.swift */ = {isa = PBXFileReference; lastKnownFileType = sourcecode.swift; path = MatchMakerApp.swift; sourceTree = "<group>"; };
		2C8EB7D0260276D60032FDA0 /* MatchMakerGameView.swift */ = {isa = PBXFileReference; lastKnownFileType = sourcecode.swift; path = MatchMakerGameView.swift; sourceTree = "<group>"; };
		2C8EB7D2260276D60032FDA0 /* Assets.xcassets */ = {isa = PBXFileReference; lastKnownFileType = folder.assetcatalog; path = Assets.xcassets; sourceTree = "<group>"; };
		2C8EB7D5260276D60032FDA0 /* Preview Assets.xcassets */ = {isa = PBXFileReference; lastKnownFileType = folder.assetcatalog; path = "Preview Assets.xcassets"; sourceTree = "<group>"; };
		2C8EB7D7260276D60032FDA0 /* Info.plist */ = {isa = PBXFileReference; lastKnownFileType = text.plist.xml; path = Info.plist; sourceTree = "<group>"; };
		2C8EB7DC260276D60032FDA0 /* MatchMakerTests.xctest */ = {isa = PBXFileReference; explicitFileType = wrapper.cfbundle; includeInIndex = 0; path = MatchMakerTests.xctest; sourceTree = BUILT_PRODUCTS_DIR; };
		2C8EB7E0260276D60032FDA0 /* MatchMakerTests.swift */ = {isa = PBXFileReference; lastKnownFileType = sourcecode.swift; path = MatchMakerTests.swift; sourceTree = "<group>"; };
		2C8EB7E2260276D60032FDA0 /* Info.plist */ = {isa = PBXFileReference; lastKnownFileType = text.plist.xml; path = Info.plist; sourceTree = "<group>"; };
		2C8EB7E7260276D60032FDA0 /* MatchMakerUITests.xctest */ = {isa = PBXFileReference; explicitFileType = wrapper.cfbundle; includeInIndex = 0; path = MatchMakerUITests.xctest; sourceTree = BUILT_PRODUCTS_DIR; };
		2C8EB7EB260276D60032FDA0 /* MatchMakerUITests.swift */ = {isa = PBXFileReference; lastKnownFileType = sourcecode.swift; path = MatchMakerUITests.swift; sourceTree = "<group>"; };
		2C8EB7ED260276D60032FDA0 /* Info.plist */ = {isa = PBXFileReference; lastKnownFileType = text.plist.xml; path = Info.plist; sourceTree = "<group>"; };
		2C8EB7FC26051A3D0032FDA0 /* MatchMakerGame.swift */ = {isa = PBXFileReference; lastKnownFileType = sourcecode.swift; path = MatchMakerGame.swift; sourceTree = "<group>"; };
		2C8EB80126051C3D0032FDA0 /* EmojiMatchMakerGame.swift */ = {isa = PBXFileReference; lastKnownFileType = sourcecode.swift; path = EmojiMatchMakerGame.swift; sourceTree = "<group>"; };
/* End PBXFileReference section */

/* Begin PBXFrameworksBuildPhase section */
		2C8EB7C8260276D60032FDA0 /* Frameworks */ = {
			isa = PBXFrameworksBuildPhase;
			buildActionMask = 2147483647;
			files = (
			);
			runOnlyForDeploymentPostprocessing = 0;
		};
		2C8EB7D9260276D60032FDA0 /* Frameworks */ = {
			isa = PBXFrameworksBuildPhase;
			buildActionMask = 2147483647;
			files = (
			);
			runOnlyForDeploymentPostprocessing = 0;
		};
		2C8EB7E4260276D60032FDA0 /* Frameworks */ = {
			isa = PBXFrameworksBuildPhase;
			buildActionMask = 2147483647;
			files = (
			);
			runOnlyForDeploymentPostprocessing = 0;
		};
/* End PBXFrameworksBuildPhase section */

/* Begin PBXGroup section */
		2C8EB7C2260276D60032FDA0 = {
			isa = PBXGroup;
			children = (
				2C8EB7CD260276D60032FDA0 /* MatchMaker */,
				2C8EB7DF260276D60032FDA0 /* MatchMakerTests */,
				2C8EB7EA260276D60032FDA0 /* MatchMakerUITests */,
				2C8EB7CC260276D60032FDA0 /* Products */,
			);
			sourceTree = "<group>";
		};
		2C8EB7CC260276D60032FDA0 /* Products */ = {
			isa = PBXGroup;
			children = (
				2C8EB7CB260276D60032FDA0 /* MatchMaker.app */,
				2C8EB7DC260276D60032FDA0 /* MatchMakerTests.xctest */,
				2C8EB7E7260276D60032FDA0 /* MatchMakerUITests.xctest */,
			);
			name = Products;
			sourceTree = "<group>";
		};
		2C8EB7CD260276D60032FDA0 /* MatchMaker */ = {
			isa = PBXGroup;
			children = (
				2C8EB7CE260276D60032FDA0 /* MatchMakerApp.swift */,
				2C8EB7D0260276D60032FDA0 /* MatchMakerGameView.swift */,
				2C8EB7FC26051A3D0032FDA0 /* MatchMakerGame.swift */,
				2C8EB80126051C3D0032FDA0 /* EmojiMatchMakerGame.swift */,
				2C8EB7D2260276D60032FDA0 /* Assets.xcassets */,
				2C8EB7D7260276D60032FDA0 /* Info.plist */,
				2C8EB7D4260276D60032FDA0 /* Preview Content */,
			);
			path = MatchMaker;
			sourceTree = "<group>";
		};
		2C8EB7D4260276D60032FDA0 /* Preview Content */ = {
			isa = PBXGroup;
			children = (
				2C8EB7D5260276D60032FDA0 /* Preview Assets.xcassets */,
			);
			path = "Preview Content";
			sourceTree = "<group>";
		};
		2C8EB7DF260276D60032FDA0 /* MatchMakerTests */ = {
			isa = PBXGroup;
			children = (
				2C8EB7E0260276D60032FDA0 /* MatchMakerTests.swift */,
				2C8EB7E2260276D60032FDA0 /* Info.plist */,
			);
			path = MatchMakerTests;
			sourceTree = "<group>";
		};
		2C8EB7EA260276D60032FDA0 /* MatchMakerUITests */ = {
			isa = PBXGroup;
			children = (
				2C8EB7EB260276D60032FDA0 /* MatchMakerUITests.swift */,
				2C8EB7ED260276D60032FDA0 /* Info.plist */,
			);
			path = MatchMakerUITests;
			sourceTree = "<group>";
		};
/* End PBXGroup section */

/* Begin PBXNativeTarget section */
		2C8EB7CA260276D60032FDA0 /* MatchMaker */ = {
			isa = PBXNativeTarget;
			buildConfigurationList = 2C8EB7F0260276D60032FDA0 /* Build configuration list for PBXNativeTarget "MatchMaker" */;
			buildPhases = (
				2C8EB7C7260276D60032FDA0 /* Sources */,
				2C8EB7C8260276D60032FDA0 /* Frameworks */,
				2C8EB7C9260276D60032FDA0 /* Resources */,
			);
			buildRules = (
			);
			dependencies = (
			);
			name = MatchMaker;
			productName = MatchMaker;
			productReference = 2C8EB7CB260276D60032FDA0 /* MatchMaker.app */;
			productType = "com.apple.product-type.application";
		};
		2C8EB7DB260276D60032FDA0 /* MatchMakerTests */ = {
			isa = PBXNativeTarget;
			buildConfigurationList = 2C8EB7F3260276D60032FDA0 /* Build configuration list for PBXNativeTarget "MatchMakerTests" */;
			buildPhases = (
				2C8EB7D8260276D60032FDA0 /* Sources */,
				2C8EB7D9260276D60032FDA0 /* Frameworks */,
				2C8EB7DA260276D60032FDA0 /* Resources */,
			);
			buildRules = (
			);
			dependencies = (
				2C8EB7DE260276D60032FDA0 /* PBXTargetDependency */,
			);
			name = MatchMakerTests;
			productName = MatchMakerTests;
			productReference = 2C8EB7DC260276D60032FDA0 /* MatchMakerTests.xctest */;
			productType = "com.apple.product-type.bundle.unit-test";
		};
		2C8EB7E6260276D60032FDA0 /* MatchMakerUITests */ = {
			isa = PBXNativeTarget;
			buildConfigurationList = 2C8EB7F6260276D60032FDA0 /* Build configuration list for PBXNativeTarget "MatchMakerUITests" */;
			buildPhases = (
				2C8EB7E3260276D60032FDA0 /* Sources */,
				2C8EB7E4260276D60032FDA0 /* Frameworks */,
				2C8EB7E5260276D60032FDA0 /* Resources */,
			);
			buildRules = (
			);
			dependencies = (
				2C8EB7E9260276D60032FDA0 /* PBXTargetDependency */,
			);
			name = MatchMakerUITests;
			productName = MatchMakerUITests;
			productReference = 2C8EB7E7260276D60032FDA0 /* MatchMakerUITests.xctest */;
			productType = "com.apple.product-type.bundle.ui-testing";
		};
/* End PBXNativeTarget section */

/* Begin PBXProject section */
		2C8EB7C3260276D60032FDA0 /* Project object */ = {
			isa = PBXProject;
			attributes = {
				LastSwiftUpdateCheck = 1240;
				LastUpgradeCheck = 1240;
				TargetAttributes = {
					2C8EB7CA260276D60032FDA0 = {
						CreatedOnToolsVersion = 12.4;
					};
					2C8EB7DB260276D60032FDA0 = {
						CreatedOnToolsVersion = 12.4;
						TestTargetID = 2C8EB7CA260276D60032FDA0;
					};
					2C8EB7E6260276D60032FDA0 = {
						CreatedOnToolsVersion = 12.4;
						TestTargetID = 2C8EB7CA260276D60032FDA0;
					};
				};
			};
			buildConfigurationList = 2C8EB7C6260276D60032FDA0 /* Build configuration list for PBXProject "MatchMaker" */;
			compatibilityVersion = "Xcode 9.3";
			developmentRegion = en;
			hasScannedForEncodings = 0;
			knownRegions = (
				en,
				Base,
			);
			mainGroup = 2C8EB7C2260276D60032FDA0;
			productRefGroup = 2C8EB7CC260276D60032FDA0 /* Products */;
			projectDirPath = "";
			projectRoot = "";
			targets = (
				2C8EB7CA260276D60032FDA0 /* MatchMaker */,
				2C8EB7DB260276D60032FDA0 /* MatchMakerTests */,
				2C8EB7E6260276D60032FDA0 /* MatchMakerUITests */,
			);
		};
/* End PBXProject section */

/* Begin PBXResourcesBuildPhase section */
		2C8EB7C9260276D60032FDA0 /* Resources */ = {
			isa = PBXResourcesBuildPhase;
			buildActionMask = 2147483647;
			files = (
				2C8EB7D6260276D60032FDA0 /* Preview Assets.xcassets in Resources */,
				2C8EB7D3260276D60032FDA0 /* Assets.xcassets in Resources */,
			);
			runOnlyForDeploymentPostprocessing = 0;
		};
		2C8EB7DA260276D60032FDA0 /* Resources */ = {
			isa = PBXResourcesBuildPhase;
			buildActionMask = 2147483647;
			files = (
			);
			runOnlyForDeploymentPostprocessing = 0;
		};
		2C8EB7E5260276D60032FDA0 /* Resources */ = {
			isa = PBXResourcesBuildPhase;
			buildActionMask = 2147483647;
			files = (
			);
			runOnlyForDeploymentPostprocessing = 0;
		};
/* End PBXResourcesBuildPhase section */

/* Begin PBXSourcesBuildPhase section */
		2C8EB7C7260276D60032FDA0 /* Sources */ = {
			isa = PBXSourcesBuildPhase;
			buildActionMask = 2147483647;
			files = (
				2C8EB7D1260276D60032FDA0 /* MatchMakerGameView.swift in Sources */,
				2C8EB7CF260276D60032FDA0 /* MatchMakerApp.swift in Sources */,
				2C8EB7FD26051A3D0032FDA0 /* MatchMakerGame.swift in Sources */,
				2C8EB80226051C3D0032FDA0 /* EmojiMatchMakerGame.swift in Sources */,
			);
			runOnlyForDeploymentPostprocessing = 0;
		};
		2C8EB7D8260276D60032FDA0 /* Sources */ = {
			isa = PBXSourcesBuildPhase;
			buildActionMask = 2147483647;
			files = (
				2C8EB7E1260276D60032FDA0 /* MatchMakerTests.swift in Sources */,
			);
			runOnlyForDeploymentPostprocessing = 0;
		};
		2C8EB7E3260276D60032FDA0 /* Sources */ = {
			isa = PBXSourcesBuildPhase;
			buildActionMask = 2147483647;
			files = (
				2C8EB7EC260276D60032FDA0 /* MatchMakerUITests.swift in Sources */,
			);
			runOnlyForDeploymentPostprocessing = 0;
		};
/* End PBXSourcesBuildPhase section */

/* Begin PBXTargetDependency section */
		2C8EB7DE260276D60032FDA0 /* PBXTargetDependency */ = {
			isa = PBXTargetDependency;
			target = 2C8EB7CA260276D60032FDA0 /* MatchMaker */;
			targetProxy = 2C8EB7DD260276D60032FDA0 /* PBXContainerItemProxy */;
		};
		2C8EB7E9260276D60032FDA0 /* PBXTargetDependency */ = {
			isa = PBXTargetDependency;
			target = 2C8EB7CA260276D60032FDA0 /* MatchMaker */;
			targetProxy = 2C8EB7E8260276D60032FDA0 /* PBXContainerItemProxy */;
		};
/* End PBXTargetDependency section */

/* Begin XCBuildConfiguration section */
		2C8EB7EE260276D60032FDA0 /* Debug */ = {
			isa = XCBuildConfiguration;
			buildSettings = {
				ALWAYS_SEARCH_USER_PATHS = NO;
				CLANG_ANALYZER_NONNULL = YES;
				CLANG_ANALYZER_NUMBER_OBJECT_CONVERSION = YES_AGGRESSIVE;
				CLANG_CXX_LANGUAGE_STANDARD = "gnu++14";
				CLANG_CXX_LIBRARY = "libc++";
				CLANG_ENABLE_MODULES = YES;
				CLANG_ENABLE_OBJC_ARC = YES;
				CLANG_ENABLE_OBJC_WEAK = YES;
				CLANG_WARN_BLOCK_CAPTURE_AUTORELEASING = YES;
				CLANG_WARN_BOOL_CONVERSION = YES;
				CLANG_WARN_COMMA = YES;
				CLANG_WARN_CONSTANT_CONVERSION = YES;
				CLANG_WARN_DEPRECATED_OBJC_IMPLEMENTATIONS = YES;
				CLANG_WARN_DIRECT_OBJC_ISA_USAGE = YES_ERROR;
				CLANG_WARN_DOCUMENTATION_COMMENTS = YES;
				CLANG_WARN_EMPTY_BODY = YES;
				CLANG_WARN_ENUM_CONVERSION = YES;
				CLANG_WARN_INFINITE_RECURSION = YES;
				CLANG_WARN_INT_CONVERSION = YES;
				CLANG_WARN_NON_LITERAL_NULL_CONVERSION = YES;
				CLANG_WARN_OBJC_IMPLICIT_RETAIN_SELF = YES;
				CLANG_WARN_OBJC_LITERAL_CONVERSION = YES;
				CLANG_WARN_OBJC_ROOT_CLASS = YES_ERROR;
				CLANG_WARN_QUOTED_INCLUDE_IN_FRAMEWORK_HEADER = YES;
				CLANG_WARN_RANGE_LOOP_ANALYSIS = YES;
				CLANG_WARN_STRICT_PROTOTYPES = YES;
				CLANG_WARN_SUSPICIOUS_MOVE = YES;
				CLANG_WARN_UNGUARDED_AVAILABILITY = YES_AGGRESSIVE;
				CLANG_WARN_UNREACHABLE_CODE = YES;
				CLANG_WARN__DUPLICATE_METHOD_MATCH = YES;
				COPY_PHASE_STRIP = NO;
				DEBUG_INFORMATION_FORMAT = dwarf;
				ENABLE_STRICT_OBJC_MSGSEND = YES;
				ENABLE_TESTABILITY = YES;
				GCC_C_LANGUAGE_STANDARD = gnu11;
				GCC_DYNAMIC_NO_PIC = NO;
				GCC_NO_COMMON_BLOCKS = YES;
				GCC_OPTIMIZATION_LEVEL = 0;
				GCC_PREPROCESSOR_DEFINITIONS = (
					"DEBUG=1",
					"$(inherited)",
				);
				GCC_WARN_64_TO_32_BIT_CONVERSION = YES;
				GCC_WARN_ABOUT_RETURN_TYPE = YES_ERROR;
				GCC_WARN_UNDECLARED_SELECTOR = YES;
				GCC_WARN_UNINITIALIZED_AUTOS = YES_AGGRESSIVE;
				GCC_WARN_UNUSED_FUNCTION = YES;
				GCC_WARN_UNUSED_VARIABLE = YES;
				IPHONEOS_DEPLOYMENT_TARGET = 14.4;
				MTL_ENABLE_DEBUG_INFO = INCLUDE_SOURCE;
				MTL_FAST_MATH = YES;
				ONLY_ACTIVE_ARCH = YES;
				SDKROOT = iphoneos;
				SWIFT_ACTIVE_COMPILATION_CONDITIONS = DEBUG;
				SWIFT_OPTIMIZATION_LEVEL = "-Onone";
			};
			name = Debug;
		};
		2C8EB7EF260276D60032FDA0 /* Release */ = {
			isa = XCBuildConfiguration;
			buildSettings = {
				ALWAYS_SEARCH_USER_PATHS = NO;
				CLANG_ANALYZER_NONNULL = YES;
				CLANG_ANALYZER_NUMBER_OBJECT_CONVERSION = YES_AGGRESSIVE;
				CLANG_CXX_LANGUAGE_STANDARD = "gnu++14";
				CLANG_CXX_LIBRARY = "libc++";
				CLANG_ENABLE_MODULES = YES;
				CLANG_ENABLE_OBJC_ARC = YES;
				CLANG_ENABLE_OBJC_WEAK = YES;
				CLANG_WARN_BLOCK_CAPTURE_AUTORELEASING = YES;
				CLANG_WARN_BOOL_CONVERSION = YES;
				CLANG_WARN_COMMA = YES;
				CLANG_WARN_CONSTANT_CONVERSION = YES;
				CLANG_WARN_DEPRECATED_OBJC_IMPLEMENTATIONS = YES;
				CLANG_WARN_DIRECT_OBJC_ISA_USAGE = YES_ERROR;
				CLANG_WARN_DOCUMENTATION_COMMENTS = YES;
				CLANG_WARN_EMPTY_BODY = YES;
				CLANG_WARN_ENUM_CONVERSION = YES;
				CLANG_WARN_INFINITE_RECURSION = YES;
				CLANG_WARN_INT_CONVERSION = YES;
				CLANG_WARN_NON_LITERAL_NULL_CONVERSION = YES;
				CLANG_WARN_OBJC_IMPLICIT_RETAIN_SELF = YES;
				CLANG_WARN_OBJC_LITERAL_CONVERSION = YES;
				CLANG_WARN_OBJC_ROOT_CLASS = YES_ERROR;
				CLANG_WARN_QUOTED_INCLUDE_IN_FRAMEWORK_HEADER = YES;
				CLANG_WARN_RANGE_LOOP_ANALYSIS = YES;
				CLANG_WARN_STRICT_PROTOTYPES = YES;
				CLANG_WARN_SUSPICIOUS_MOVE = YES;
				CLANG_WARN_UNGUARDED_AVAILABILITY = YES_AGGRESSIVE;
				CLANG_WARN_UNREACHABLE_CODE = YES;
				CLANG_WARN__DUPLICATE_METHOD_MATCH = YES;
				COPY_PHASE_STRIP = NO;
				DEBUG_INFORMATION_FORMAT = "dwarf-with-dsym";
				ENABLE_NS_ASSERTIONS = NO;
				ENABLE_STRICT_OBJC_MSGSEND = YES;
				GCC_C_LANGUAGE_STANDARD = gnu11;
				GCC_NO_COMMON_BLOCKS = YES;
				GCC_WARN_64_TO_32_BIT_CONVERSION = YES;
				GCC_WARN_ABOUT_RETURN_TYPE = YES_ERROR;
				GCC_WARN_UNDECLARED_SELECTOR = YES;
				GCC_WARN_UNINITIALIZED_AUTOS = YES_AGGRESSIVE;
				GCC_WARN_UNUSED_FUNCTION = YES;
				GCC_WARN_UNUSED_VARIABLE = YES;
				IPHONEOS_DEPLOYMENT_TARGET = 14.4;
				MTL_ENABLE_DEBUG_INFO = NO;
				MTL_FAST_MATH = YES;
				SDKROOT = iphoneos;
				SWIFT_COMPILATION_MODE = wholemodule;
				SWIFT_OPTIMIZATION_LEVEL = "-O";
				VALIDATE_PRODUCT = YES;
			};
			name = Release;
		};
		2C8EB7F1260276D60032FDA0 /* Debug */ = {
			isa = XCBuildConfiguration;
			buildSettings = {
				ASSETCATALOG_COMPILER_APPICON_NAME = AppIcon;
				ASSETCATALOG_COMPILER_GLOBAL_ACCENT_COLOR_NAME = AccentColor;
				CODE_SIGN_STYLE = Automatic;
				DEVELOPMENT_ASSET_PATHS = "\"MatchMaker/Preview Content\"";
				DEVELOPMENT_TEAM = 697GQY4NTA;
				ENABLE_PREVIEWS = YES;
				INFOPLIST_FILE = MatchMaker/Info.plist;
				IPHONEOS_DEPLOYMENT_TARGET = 14.0;
				LD_RUNPATH_SEARCH_PATHS = (
					"$(inherited)",
					"@executable_path/Frameworks",
				);
				PRODUCT_BUNDLE_IDENTIFIER = com.santman.MatchMaker;
				PRODUCT_NAME = "$(TARGET_NAME)";
				SWIFT_VERSION = 5.0;
				TARGETED_DEVICE_FAMILY = "1,2";
			};
			name = Debug;
		};
		2C8EB7F2260276D60032FDA0 /* Release */ = {
			isa = XCBuildConfiguration;
			buildSettings = {
				ASSETCATALOG_COMPILER_APPICON_NAME = AppIcon;
				ASSETCATALOG_COMPILER_GLOBAL_ACCENT_COLOR_NAME = AccentColor;
				CODE_SIGN_STYLE = Automatic;
				DEVELOPMENT_ASSET_PATHS = "\"MatchMaker/Preview Content\"";
				DEVELOPMENT_TEAM = 697GQY4NTA;
				ENABLE_PREVIEWS = YES;
				INFOPLIST_FILE = MatchMaker/Info.plist;
				IPHONEOS_DEPLOYMENT_TARGET = 14.0;
				LD_RUNPATH_SEARCH_PATHS = (
					"$(inherited)",
					"@executable_path/Frameworks",
				);
				PRODUCT_BUNDLE_IDENTIFIER = com.santman.MatchMaker;
				PRODUCT_NAME = "$(TARGET_NAME)";
				SWIFT_VERSION = 5.0;
				TARGETED_DEVICE_FAMILY = "1,2";
			};
			name = Release;
		};
		2C8EB7F4260276D60032FDA0 /* Debug */ = {
			isa = XCBuildConfiguration;
			buildSettings = {
				ALWAYS_EMBED_SWIFT_STANDARD_LIBRARIES = YES;
				BUNDLE_LOADER = "$(TEST_HOST)";
				CODE_SIGN_STYLE = Automatic;
				DEVELOPMENT_TEAM = 697GQY4NTA;
				INFOPLIST_FILE = MatchMakerTests/Info.plist;
				IPHONEOS_DEPLOYMENT_TARGET = 14.0;
				LD_RUNPATH_SEARCH_PATHS = (
					"$(inherited)",
					"@executable_path/Frameworks",
					"@loader_path/Frameworks",
				);
				PRODUCT_BUNDLE_IDENTIFIER = com.santman.MatchMakerTests;
				PRODUCT_NAME = "$(TARGET_NAME)";
				SWIFT_VERSION = 5.0;
				TARGETED_DEVICE_FAMILY = "1,2";
				TEST_HOST = "$(BUILT_PRODUCTS_DIR)/MatchMaker.app/MatchMaker";
			};
			name = Debug;
		};
		2C8EB7F5260276D60032FDA0 /* Release */ = {
			isa = XCBuildConfiguration;
			buildSettings = {
				ALWAYS_EMBED_SWIFT_STANDARD_LIBRARIES = YES;
				BUNDLE_LOADER = "$(TEST_HOST)";
				CODE_SIGN_STYLE = Automatic;
				DEVELOPMENT_TEAM = 697GQY4NTA;
				INFOPLIST_FILE = MatchMakerTests/Info.plist;
				IPHONEOS_DEPLOYMENT_TARGET = 14.0;
				LD_RUNPATH_SEARCH_PATHS = (
					"$(inherited)",
					"@executable_path/Frameworks",
					"@loader_path/Frameworks",
				);
				PRODUCT_BUNDLE_IDENTIFIER = com.santman.MatchMakerTests;
				PRODUCT_NAME = "$(TARGET_NAME)";
				SWIFT_VERSION = 5.0;
				TARGETED_DEVICE_FAMILY = "1,2";
				TEST_HOST = "$(BUILT_PRODUCTS_DIR)/MatchMaker.app/MatchMaker";
			};
			name = Release;
		};
		2C8EB7F7260276D60032FDA0 /* Debug */ = {
			isa = XCBuildConfiguration;
			buildSettings = {
				ALWAYS_EMBED_SWIFT_STANDARD_LIBRARIES = YES;
				CODE_SIGN_STYLE = Automatic;
				DEVELOPMENT_TEAM = 697GQY4NTA;
				INFOPLIST_FILE = MatchMakerUITests/Info.plist;
				LD_RUNPATH_SEARCH_PATHS = (
					"$(inherited)",
					"@executable_path/Frameworks",
					"@loader_path/Frameworks",
				);
				PRODUCT_BUNDLE_IDENTIFIER = com.santman.MatchMakerUITests;
				PRODUCT_NAME = "$(TARGET_NAME)";
				SWIFT_VERSION = 5.0;
				TARGETED_DEVICE_FAMILY = "1,2";
				TEST_TARGET_NAME = MatchMaker;
			};
			name = Debug;
		};
		2C8EB7F8260276D60032FDA0 /* Release */ = {
			isa = XCBuildConfiguration;
			buildSettings = {
				ALWAYS_EMBED_SWIFT_STANDARD_LIBRARIES = YES;
				CODE_SIGN_STYLE = Automatic;
				DEVELOPMENT_TEAM = 697GQY4NTA;
				INFOPLIST_FILE = MatchMakerUITests/Info.plist;
				LD_RUNPATH_SEARCH_PATHS = (
					"$(inherited)",
					"@executable_path/Frameworks",
					"@loader_path/Frameworks",
				);
				PRODUCT_BUNDLE_IDENTIFIER = com.santman.MatchMakerUITests;
				PRODUCT_NAME = "$(TARGET_NAME)";
				SWIFT_VERSION = 5.0;
				TARGETED_DEVICE_FAMILY = "1,2";
				TEST_TARGET_NAME = MatchMaker;
			};
			name = Release;
		};
/* End XCBuildConfiguration section */

/* Begin XCConfigurationList section */
		2C8EB7C6260276D60032FDA0 /* Build configuration list for PBXProject "MatchMaker" */ = {
			isa = XCConfigurationList;
			buildConfigurations = (
				2C8EB7EE260276D60032FDA0 /* Debug */,
				2C8EB7EF260276D60032FDA0 /* Release */,
			);
			defaultConfigurationIsVisible = 0;
			defaultConfigurationName = Release;
		};
		2C8EB7F0260276D60032FDA0 /* Build configuration list for PBXNativeTarget "MatchMaker" */ = {
			isa = XCConfigurationList;
			buildConfigurations = (
				2C8EB7F1260276D60032FDA0 /* Debug */,
				2C8EB7F2260276D60032FDA0 /* Release */,
			);
			defaultConfigurationIsVisible = 0;
			defaultConfigurationName = Release;
		};
		2C8EB7F3260276D60032FDA0 /* Build configuration list for PBXNativeTarget "MatchMakerTests" */ = {
			isa = XCConfigurationList;
			buildConfigurations = (
				2C8EB7F4260276D60032FDA0 /* Debug */,
				2C8EB7F5260276D60032FDA0 /* Release */,
			);
			defaultConfigurationIsVisible = 0;
			defaultConfigurationName = Release;
		};
		2C8EB7F6260276D60032FDA0 /* Build configuration list for PBXNativeTarget "MatchMakerUITests" */ = {
			isa = XCConfigurationList;
			buildConfigurations = (
				2C8EB7F7260276D60032FDA0 /* Debug */,
				2C8EB7F8260276D60032FDA0 /* Release */,
			);
			defaultConfigurationIsVisible = 0;
			defaultConfigurationName = Release;
		};
/* End XCConfigurationList section */
	};
	rootObject = 2C8EB7C3260276D60032FDA0 /* Project object */;
}
